
Microsoft Visual Studio Solution File, Format Version 12.00
# Visual Studio Version 17
VisualStudioVersion = 17.8.34309.116
MinimumVisualStudioVersion = 10.0.40219.1
Project("{FAE04EC0-301F-11D3-BF4B-00C04F79EFBC}") = "SistemaAgendamento.Android", "SistemaAgendamento\SistemaAgendamento.Android\SistemaAgendamento.Android.csproj", "{9C02EE7C-3B20-47D1-A5DF-E6BB2A78DD14}"
EndProject
Project("{FAE04EC0-301F-11D3-BF4B-00C04F79EFBC}") = "SistemaAgendamento.iOS", "SistemaAgendamento\SistemaAgendamento.iOS\SistemaAgendamento.iOS.csproj", "{B2D849BB-E025-43C9-A607-84C30EE63E6A}"
EndProject
Project("{FAE04EC0-301F-11D3-BF4B-00C04F79EFBC}") = "SistemaAgendamento", "SistemaAgendamento\SistemaAgendamento\SistemaAgendamento.csproj", "{FAA47337-E807-454C-8A13-74822F4C27B5}"
EndProject
Global
	GlobalSection(SolutionConfigurationPlatforms) = preSolution
		Debug|Any CPU = Debug|Any CPU
		Debug|iPhone = Debug|iPhone
		Debug|iPhoneSimulator = Debug|iPhoneSimulator
		Release|Any CPU = Release|Any CPU
		Release|iPhone = Release|iPhone
		Release|iPhoneSimulator = Release|iPhoneSimulator
	EndGlobalSection
	GlobalSection(ProjectConfigurationPlatforms) = postSolution
		{9C02EE7C-3B20-47D1-A5DF-E6BB2A78DD14}.Debug|Any CPU.ActiveCfg = Debug|Any CPU
		{9C02EE7C-3B20-47D1-A5DF-E6BB2A78DD14}.Debug|Any CPU.Build.0 = Debug|Any CPU
		{9C02EE7C-3B20-47D1-A5DF-E6BB2A78DD14}.Debug|Any CPU.Deploy.0 = Debug|Any CPU
		{9C02EE7C-3B20-47D1-A5DF-E6BB2A78DD14}.Debug|iPhone.ActiveCfg = Debug|Any CPU
		{9C02EE7C-3B20-47D1-A5DF-E6BB2A78DD14}.Debug|iPhone.Build.0 = Debug|Any CPU
		{9C02EE7C-3B20-47D1-A5DF-E6BB2A78DD14}.Debug|iPhone.Deploy.0 = Debug|Any CPU
		{9C02EE7C-3B20-47D1-A5DF-E6BB2A78DD14}.Debug|iPhoneSimulator.ActiveCfg = Debug|Any CPU
		{9C02EE7C-3B20-47D1-A5DF-E6BB2A78DD14}.Debug|iPhoneSimulator.Build.0 = Debug|Any CPU
		{9C02EE7C-3B20-47D1-A5DF-E6BB2A78DD14}.Debug|iPhoneSimulator.Deploy.0 = Debug|Any CPU
		{9C02EE7C-3B20-47D1-A5DF-E6BB2A78DD14}.Release|Any CPU.ActiveCfg = Release|Any CPU
		{9C02EE7C-3B20-47D1-A5DF-E6BB2A78DD14}.Release|Any CPU.Build.0 = Release|Any CPU
		{9C02EE7C-3B20-47D1-A5DF-E6BB2A78DD14}.Release|Any CPU.Deploy.0 = Release|Any CPU
		{9C02EE7C-3B20-47D1-A5DF-E6BB2A78DD14}.Release|iPhone.ActiveCfg = Release|Any CPU
		{9C02EE7C-3B20-47D1-A5DF-E6BB2A78DD14}.Release|iPhone.Build.0 = Release|Any CPU
		{9C02EE7C-3B20-47D1-A5DF-E6BB2A78DD14}.Release|iPhone.Deploy.0 = Release|Any CPU
		{9C02EE7C-3B20-47D1-A5DF-E6BB2A78DD14}.Release|iPhoneSimulator.ActiveCfg = Release|Any CPU
		{9C02EE7C-3B20-47D1-A5DF-E6BB2A78DD14}.Release|iPhoneSimulator.Build.0 = Release|Any CPU
		{9C02EE7C-3B20-47D1-A5DF-E6BB2A78DD14}.Release|iPhoneSimulator.Deploy.0 = Release|Any CPU
		{B2D849BB-E025-43C9-A607-84C30EE63E6A}.Debug|Any CPU.ActiveCfg = Debug|iPhone
		{B2D849BB-E025-43C9-A607-84C30EE63E6A}.Debug|Any CPU.Build.0 = Debug|iPhone
		{B2D849BB-E025-43C9-A607-84C30EE63E6A}.Debug|Any CPU.Deploy.0 = Debug|iPhone
		{B2D849BB-E025-43C9-A607-84C30EE63E6A}.Debug|iPhone.ActiveCfg = Debug|iPhone
		{B2D849BB-E025-43C9-A607-84C30EE63E6A}.Debug|iPhone.Build.0 = Debug|iPhone
		{B2D849BB-E025-43C9-A607-84C30EE63E6A}.Debug|iPhone.Deploy.0 = Debug|iPhone
		{B2D849BB-E025-43C9-A607-84C30EE63E6A}.Debug|iPhoneSimulator.ActiveCfg = Debug|iPhoneSimulator
		{B2D849BB-E025-43C9-A607-84C30EE63E6A}.Debug|iPhoneSimulator.Build.0 = Debug|iPhoneSimulator
		{B2D849BB-E025-43C9-A607-84C30EE63E6A}.Debug|iPhoneSimulator.Deploy.0 = Debug|iPhoneSimulator
		{B2D849BB-E025-43C9-A607-84C30EE63E6A}.Release|Any CPU.ActiveCfg = Release|iPhoneSimulator
		{B2D849BB-E025-43C9-A607-84C30EE63E6A}.Release|Any CPU.Build.0 = Release|iPhoneSimulator
		{B2D849BB-E025-43C9-A607-84C30EE63E6A}.Release|Any CPU.Deploy.0 = Release|iPhoneSimulator
		{B2D849BB-E025-43C9-A607-84C30EE63E6A}.Release|iPhone.ActiveCfg = Release|iPhone
		{B2D849BB-E025-43C9-A607-84C30EE63E6A}.Release|iPhone.Build.0 = Release|iPhone
		{B2D849BB-E025-43C9-A607-84C30EE63E6A}.Release|iPhone.Deploy.0 = Release|iPhone
		{B2D849BB-E025-43C9-A607-84C30EE63E6A}.Release|iPhoneSimulator.ActiveCfg = Release|iPhoneSimulator
		{B2D849BB-E025-43C9-A607-84C30EE63E6A}.Release|iPhoneSimulator.Build.0 = Release|iPhoneSimulator
		{B2D849BB-E025-43C9-A607-84C30EE63E6A}.Release|iPhoneSimulator.Deploy.0 = Release|iPhoneSimulator
		{FAA47337-E807-454C-8A13-74822F4C27B5}.Debug|Any CPU.ActiveCfg = Debug|Any CPU
		{FAA47337-E807-454C-8A13-74822F4C27B5}.Debug|Any CPU.Build.0 = Debug|Any CPU
		{FAA47337-E807-454C-8A13-74822F4C27B5}.Debug|Any CPU.Deploy.0 = Debug|Any CPU
		{FAA47337-E807-454C-8A13-74822F4C27B5}.Debug|iPhone.ActiveCfg = Debug|Any CPU
		{FAA47337-E807-454C-8A13-74822F4C27B5}.Debug|iPhone.Build.0 = Debug|Any CPU
		{FAA47337-E807-454C-8A13-74822F4C27B5}.Debug|iPhone.Deploy.0 = Debug|Any CPU
		{FAA47337-E807-454C-8A13-74822F4C27B5}.Debug|iPhoneSimulator.ActiveCfg = Debug|Any CPU
		{FAA47337-E807-454C-8A13-74822F4C27B5}.Debug|iPhoneSimulator.Build.0 = Debug|Any CPU
		{FAA47337-E807-454C-8A13-74822F4C27B5}.Debug|iPhoneSimulator.Deploy.0 = Debug|Any CPU
		{FAA47337-E807-454C-8A13-74822F4C27B5}.Release|Any CPU.ActiveCfg = Release|Any CPU
		{FAA47337-E807-454C-8A13-74822F4C27B5}.Release|Any CPU.Build.0 = Release|Any CPU
		{FAA47337-E807-454C-8A13-74822F4C27B5}.Release|Any CPU.Deploy.0 = Release|Any CPU
		{FAA47337-E807-454C-8A13-74822F4C27B5}.Release|iPhone.ActiveCfg = Release|Any CPU
		{FAA47337-E807-454C-8A13-74822F4C27B5}.Release|iPhone.Build.0 = Release|Any CPU
		{FAA47337-E807-454C-8A13-74822F4C27B5}.Release|iPhone.Deploy.0 = Release|Any CPU
		{FAA47337-E807-454C-8A13-74822F4C27B5}.Release|iPhoneSimulator.ActiveCfg = Release|Any CPU
		{FAA47337-E807-454C-8A13-74822F4C27B5}.Release|iPhoneSimulator.Build.0 = Release|Any CPU
		{FAA47337-E807-454C-8A13-74822F4C27B5}.Release|iPhoneSimulator.Deploy.0 = Release|Any CPU
	EndGlobalSection
	GlobalSection(SolutionProperties) = preSolution
		HideSolutionNode = FALSE
	EndGlobalSection
	GlobalSection(ExtensibilityGlobals) = postSolution
		SolutionGuid = {D0565826-C9A3-42AA-954C-AD0EE7266CD3}
	EndGlobalSection
EndGlobal
